
Microsoft Visual Studio Solution File, Format Version 12.00
# Visual Studio 15
VisualStudioVersion = 15.0.26430.6
MinimumVisualStudioVersion = 10.0.40219.1
Project("{2150E333-8FDC-42A3-9474-1A3956D46DE8}") = "Solution Items", "Solution Items", "{2D7CFB3F-4C09-4EAA-9367-108D2C48786D}"
	ProjectSection(SolutionItems) = preProject
		README.md = README.md
	EndProjectSection
EndProject
Project("{9A19103F-16F7-4668-BE54-9A1E7A4F7556}") = "DirtbagWebserviceTests", "DirtBagWebserviceTests\DirtbagWebserviceTests.csproj", "{F30CDF93-E6B0-43F5-90BF-A7B6079F4512}"
EndProject
Project("{9A19103F-16F7-4668-BE54-9A1E7A4F7556}") = "RabbitRequeue", "RabbitRequeue\RabbitRequeue.csproj", "{777580AA-8954-4BD6-9369-9F458A1E0AC1}"
EndProject
Project("{9A19103F-16F7-4668-BE54-9A1E7A4F7556}") = "DirtbagWebservice", "DirtbagWebservice\DirtbagWebservice.csproj", "{C2E52ADC-9953-418E-B349-F4E73F55B3E4}"
EndProject
Project("{9A19103F-16F7-4668-BE54-9A1E7A4F7556}") = "RedditSharp", "..\..\RedditSharp\RedditSharp\RedditSharp.csproj", "{58D28BF2-3F61-44D9-9EF5-4017B00BBA31}"
EndProject
Project("{FAE04EC0-301F-11D3-BF4B-00C04F79EFBC}") = "DirtbagInboxParser", "DirtbagInboxParser\DirtbagInboxParser.csproj", "{26B88275-07EF-47D2-882A-53907A845647}"
EndProject
Project("{FAE04EC0-301F-11D3-BF4B-00C04F79EFBC}") = "Dirtbag", "Dirtbag\Dirtbag.csproj", "{EC11FE03-3E26-4E87-BC61-52F7E8C572D5}"
EndProject
Global
	GlobalSection(SolutionConfigurationPlatforms) = preSolution
		Debug|Any CPU = Debug|Any CPU
		Release|Any CPU = Release|Any CPU
	EndGlobalSection
	GlobalSection(ProjectConfigurationPlatforms) = postSolution
		{F30CDF93-E6B0-43F5-90BF-A7B6079F4512}.Debug|Any CPU.ActiveCfg = Debug|Any CPU
		{F30CDF93-E6B0-43F5-90BF-A7B6079F4512}.Debug|Any CPU.Build.0 = Debug|Any CPU
		{F30CDF93-E6B0-43F5-90BF-A7B6079F4512}.Release|Any CPU.ActiveCfg = Release|Any CPU
		{F30CDF93-E6B0-43F5-90BF-A7B6079F4512}.Release|Any CPU.Build.0 = Release|Any CPU
		{777580AA-8954-4BD6-9369-9F458A1E0AC1}.Debug|Any CPU.ActiveCfg = Debug|Any CPU
		{777580AA-8954-4BD6-9369-9F458A1E0AC1}.Debug|Any CPU.Build.0 = Debug|Any CPU
		{777580AA-8954-4BD6-9369-9F458A1E0AC1}.Release|Any CPU.ActiveCfg = Release|Any CPU
		{777580AA-8954-4BD6-9369-9F458A1E0AC1}.Release|Any CPU.Build.0 = Release|Any CPU
		{C2E52ADC-9953-418E-B349-F4E73F55B3E4}.Debug|Any CPU.ActiveCfg = Debug|Any CPU
		{C2E52ADC-9953-418E-B349-F4E73F55B3E4}.Debug|Any CPU.Build.0 = Debug|Any CPU
		{C2E52ADC-9953-418E-B349-F4E73F55B3E4}.Release|Any CPU.ActiveCfg = Release|Any CPU
		{C2E52ADC-9953-418E-B349-F4E73F55B3E4}.Release|Any CPU.Build.0 = Release|Any CPU
		{58D28BF2-3F61-44D9-9EF5-4017B00BBA31}.Debug|Any CPU.ActiveCfg = Debug|Any CPU
		{58D28BF2-3F61-44D9-9EF5-4017B00BBA31}.Debug|Any CPU.Build.0 = Debug|Any CPU
		{58D28BF2-3F61-44D9-9EF5-4017B00BBA31}.Release|Any CPU.ActiveCfg = Release|Any CPU
		{58D28BF2-3F61-44D9-9EF5-4017B00BBA31}.Release|Any CPU.Build.0 = Release|Any CPU
		{26B88275-07EF-47D2-882A-53907A845647}.Debug|Any CPU.ActiveCfg = Debug|Any CPU
		{26B88275-07EF-47D2-882A-53907A845647}.Debug|Any CPU.Build.0 = Debug|Any CPU
		{26B88275-07EF-47D2-882A-53907A845647}.Release|Any CPU.ActiveCfg = Release|Any CPU
		{26B88275-07EF-47D2-882A-53907A845647}.Release|Any CPU.Build.0 = Release|Any CPU
		{EC11FE03-3E26-4E87-BC61-52F7E8C572D5}.Debug|Any CPU.ActiveCfg = Debug|Any CPU
		{EC11FE03-3E26-4E87-BC61-52F7E8C572D5}.Debug|Any CPU.Build.0 = Debug|Any CPU
		{EC11FE03-3E26-4E87-BC61-52F7E8C572D5}.Release|Any CPU.ActiveCfg = Release|Any CPU
		{EC11FE03-3E26-4E87-BC61-52F7E8C572D5}.Release|Any CPU.Build.0 = Release|Any CPU
	EndGlobalSection
	GlobalSection(SolutionProperties) = preSolution
		HideSolutionNode = FALSE
	EndGlobalSection
EndGlobal
